// !$*UTF8*$!
{
	archiveVersion = 1;
	classes = {
	};
	objectVersion = 46;
	objects = {

/* Begin PBXBuildFile section */
		9808DC6A1DC206DD0031A95A /* main.m in Sources */ = {isa = PBXBuildFile; fileRef = 9808DC691DC206DD0031A95A /* main.m */; };
		9808DC6D1DC206DD0031A95A /* AppDelegate.m in Sources */ = {isa = PBXBuildFile; fileRef = 9808DC6C1DC206DD0031A95A /* AppDelegate.m */; };
		9808DC701DC206DD0031A95A /* ViewController.m in Sources */ = {isa = PBXBuildFile; fileRef = 9808DC6F1DC206DD0031A95A /* ViewController.m */; };
		9808DC731DC206DD0031A95A /* Main.storyboard in Resources */ = {isa = PBXBuildFile; fileRef = 9808DC711DC206DD0031A95A /* Main.storyboard */; };
		9808DC751DC206DD0031A95A /* Assets.xcassets in Resources */ = {isa = PBXBuildFile; fileRef = 9808DC741DC206DD0031A95A /* Assets.xcassets */; };
		9808DC781DC206DD0031A95A /* LaunchScreen.storyboard in Resources */ = {isa = PBXBuildFile; fileRef = 9808DC761DC206DD0031A95A /* LaunchScreen.storyboard */; };
		9808DC821DC207060031A95A /* SXURLCache.m in Sources */ = {isa = PBXBuildFile; fileRef = 9808DC811DC207060031A95A /* SXURLCache.m */; };
/* End PBXBuildFile section */

/* Begin PBXFileReference section */
		9808DC651DC206DD0031A95A /* SXURLCache.app */ = {isa = PBXFileReference; explicitFileType = wrapper.application; includeInIndex = 0; path = SXURLCache.app; sourceTree = BUILT_PRODUCTS_DIR; };
		9808DC691DC206DD0031A95A /* main.m */ = {isa = PBXFileReference; lastKnownFileType = sourcecode.c.objc; path = main.m; sourceTree = "<group>"; };
		9808DC6B1DC206DD0031A95A /* AppDelegate.h */ = {isa = PBXFileReference; lastKnownFileType = sourcecode.c.h; path = AppDelegate.h; sourceTree = "<group>"; };
		9808DC6C1DC206DD0031A95A /* AppDelegate.m */ = {isa = PBXFileReference; lastKnownFileType = sourcecode.c.objc; path = AppDelegate.m; sourceTree = "<group>"; };
		9808DC6E1DC206DD0031A95A /* ViewController.h */ = {isa = PBXFileReference; lastKnownFileType = sourcecode.c.h; path = ViewController.h; sourceTree = "<group>"; };
		9808DC6F1DC206DD0031A95A /* ViewController.m */ = {isa = PBXFileReference; lastKnownFileType = sourcecode.c.objc; path = ViewController.m; sourceTree = "<group>"; };
		9808DC721DC206DD0031A95A /* Base */ = {isa = PBXFileReference; lastKnownFileType = file.storyboard; name = Base; path = Base.lproj/Main.storyboard; sourceTree = "<group>"; };
		9808DC741DC206DD0031A95A /* Assets.xcassets */ = {isa = PBXFileReference; lastKnownFileType = folder.assetcatalog; path = Assets.xcassets; sourceTree = "<group>"; };
		9808DC771DC206DD0031A95A /* Base */ = {isa = PBXFileReference; lastKnownFileType = file.storyboard; name = Base; path = Base.lproj/LaunchScreen.storyboard; sourceTree = "<group>"; };
		9808DC791DC206DD0031A95A /* Info.plist */ = {isa = PBXFileReference; lastKnownFileType = text.plist.xml; path = Info.plist; sourceTree = "<group>"; };
		9808DC801DC207060031A95A /* SXURLCache.h */ = {isa = PBXFileReference; fileEncoding = 4; lastKnownFileType = sourcecode.c.h; path = SXURLCache.h; sourceTree = "<group>"; };
		9808DC811DC207060031A95A /* SXURLCache.m */ = {isa = PBXFileReference; fileEncoding = 4; lastKnownFileType = sourcecode.c.objc; path = SXURLCache.m; sourceTree = "<group>"; };
/* End PBXFileReference section */

/* Begin PBXFrameworksBuildPhase section */
		9808DC621DC206DD0031A95A /* Frameworks */ = {
			isa = PBXFrameworksBuildPhase;
			buildActionMask = 2147483647;
			files = (
			);
			runOnlyForDeploymentPostprocessing = 0;
		};
/* End PBXFrameworksBuildPhase section */

/* Begin PBXGroup section */
		9808DC5C1DC206DD0031A95A = {
			isa = PBXGroup;
			children = (
				9808DC671DC206DD0031A95A /* SXURLCache */,
				9808DC661DC206DD0031A95A /* Products */,
			);
			sourceTree = "<group>";
		};
		9808DC661DC206DD0031A95A /* Products */ = {
			isa = PBXGroup;
			children = (
				9808DC651DC206DD0031A95A /* SXURLCache.app */,
			);
			name = Products;
			sourceTree = "<group>";
		};
		9808DC671DC206DD0031A95A /* SXURLCache */ = {
			isa = PBXGroup;
			children = (
				9808DC7F1DC206FA0031A95A /* SXURLCache */,
				9808DC6B1DC206DD0031A95A /* AppDelegate.h */,
				9808DC6C1DC206DD0031A95A /* AppDelegate.m */,
				9808DC6E1DC206DD0031A95A /* ViewController.h */,
				9808DC6F1DC206DD0031A95A /* ViewController.m */,
				9808DC711DC206DD0031A95A /* Main.storyboard */,
				9808DC741DC206DD0031A95A /* Assets.xcassets */,
				9808DC761DC206DD0031A95A /* LaunchScreen.storyboard */,
				9808DC791DC206DD0031A95A /* Info.plist */,
				9808DC681DC206DD0031A95A /* Supporting Files */,
			);
			path = SXURLCache;
			sourceTree = "<group>";
		};
		9808DC681DC206DD0031A95A /* Supporting Files */ = {
			isa = PBXGroup;
			children = (
				9808DC691DC206DD0031A95A /* main.m */,
			);
			name = "Supporting Files";
			sourceTree = "<group>";
		};
		9808DC7F1DC206FA0031A95A /* SXURLCache */ = {
			isa = PBXGroup;
			children = (
				9808DC801DC207060031A95A /* SXURLCache.h */,
				9808DC811DC207060031A95A /* SXURLCache.m */,
			);
			path = SXURLCache;
			sourceTree = "<group>";
		};
/* End PBXGroup section */

/* Begin PBXNativeTarget section */
		9808DC641DC206DD0031A95A /* SXURLCache */ = {
			isa = PBXNativeTarget;
			buildConfigurationList = 9808DC7C1DC206DD0031A95A /* Build configuration list for PBXNativeTarget "SXURLCache" */;
			buildPhases = (
				9808DC611DC206DD0031A95A /* Sources */,
				9808DC621DC206DD0031A95A /* Frameworks */,
				9808DC631DC206DD0031A95A /* Resources */,
			);
			buildRules = (
			);
			dependencies = (
			);
			name = SXURLCache;
			productName = SXURLCache;
			productReference = 9808DC651DC206DD0031A95A /* SXURLCache.app */;
			productType = "com.apple.product-type.application";
		};
/* End PBXNativeTarget section */

/* Begin PBXProject section */
		9808DC5D1DC206DD0031A95A /* Project object */ = {
			isa = PBXProject;
			attributes = {
				LastUpgradeCheck = 0730;
				ORGANIZATIONNAME = dfpo;
				TargetAttributes = {
					9808DC641DC206DD0031A95A = {
						CreatedOnToolsVersion = 7.3.1;
					};
				};
			};
			buildConfigurationList = 9808DC601DC206DD0031A95A /* Build configuration list for PBXProject "SXURLCache" */;
			compatibilityVersion = "Xcode 3.2";
			developmentRegion = English;
			hasScannedForEncodings = 0;
			knownRegions = (
				en,
				Base,
			);
			mainGroup = 9808DC5C1DC206DD0031A95A;
			productRefGroup = 9808DC661DC206DD0031A95A /* Products */;
			projectDirPath = "";
			projectRoot = "";
			targets = (
				9808DC641DC206DD0031A95A /* SXURLCache */,
			);
		};
/* End PBXProject section */

/* Begin PBXResourcesBuildPhase section */
		9808DC631DC206DD0031A95A /* Resources */ = {
			isa = PBXResourcesBuildPhase;
			buildActionMask = 2147483647;
			files = (
				9808DC781DC206DD0031A95A /* LaunchScreen.storyboard in Resources */,
				9808DC751DC206DD0031A95A /* Assets.xcassets in Resources */,
				9808DC731DC206DD0031A95A /* Main.storyboard in Resources */,
			);
			runOnlyForDeploymentPostprocessing = 0;
		};
/* End PBXResourcesBuildPhase section */

/* Begin PBXSourcesBuildPhase section */
		9808DC611DC206DD0031A95A /* Sources */ = {
			isa = PBXSourcesBuildPhase;
			buildActionMask = 2147483647;
			files = (
				9808DC701DC206DD0031A95A /* ViewController.m in Sources */,
				9808DC821DC207060031A95A /* SXURLCache.m in Sources */,
				9808DC6D1DC206DD0031A95A /* AppDelegate.m in Sources */,
				9808DC6A1DC206DD0031A95A /* main.m in Sources */,
			);
			runOnlyForDeploymentPostprocessing = 0;
		};
/* End PBXSourcesBuildPhase section */

/* Begin PBXVariantGroup section */
		9808DC711DC206DD0031A95A /* Main.storyboard */ = {
			isa = PBXVariantGroup;
			children = (
				9808DC721DC206DD0031A95A /* Base */,
			);
			name = Main.storyboard;
			sourceTree = "<group>";
		};
		9808DC761DC206DD0031A95A /* LaunchScreen.storyboard */ = {
			isa = PBXVariantGroup;
			children = (
				9808DC771DC206DD0031A95A /* Base */,
			);
			name = LaunchScreen.storyboard;
			sourceTree = "<group>";
		};
/* End PBXVariantGroup section */

/* Begin XCBuildConfiguration section */
		9808DC7A1DC206DD0031A95A /* Debug */ = {
			isa = XCBuildConfiguration;
			buildSettings = {
				ALWAYS_SEARCH_USER_PATHS = NO;
				CLANG_ANALYZER_NONNULL = YES;
				CLANG_CXX_LANGUAGE_STANDARD = "gnu++0x";
				CLANG_CXX_LIBRARY = "libc++";
				CLANG_ENABLE_MODULES = YES;
				CLANG_ENABLE_OBJC_ARC = YES;
				CLANG_WARN_BOOL_CONVERSION = YES;
				CLANG_WARN_CONSTANT_CONVERSION = YES;
				CLANG_WARN_DIRECT_OBJC_ISA_USAGE = YES_ERROR;
				CLANG_WARN_EMPTY_BODY = YES;
				CLANG_WARN_ENUM_CONVERSION = YES;
				CLANG_WARN_INT_CONVERSION = YES;
				CLANG_WARN_OBJC_ROOT_CLASS = YES_ERROR;
				CLANG_WARN_UNREACHABLE_CODE = YES;
				CLANG_WARN__DUPLICATE_METHOD_MATCH = YES;
				"CODE_SIGN_IDENTITY[sdk=iphoneos*]" = "iPhone Developer";
				COPY_PHASE_STRIP = NO;
				DEBUG_INFORMATION_FORMAT = dwarf;
				ENABLE_STRICT_OBJC_MSGSEND = YES;
				ENABLE_TESTABILITY = YES;
				GCC_C_LANGUAGE_STANDARD = gnu99;
				GCC_DYNAMIC_NO_PIC = NO;
				GCC_NO_COMMON_BLOCKS = YES;
				GCC_OPTIMIZATION_LEVEL = 0;
				GCC_PREPROCESSOR_DEFINITIONS = (
					"DEBUG=1",
					"$(inherited)",
				);
				GCC_WARN_64_TO_32_BIT_CONVERSION = YES;
				GCC_WARN_ABOUT_RETURN_TYPE = YES_ERROR;
				GCC_WARN_UNDECLARED_SELECTOR = YES;
				GCC_WARN_UNINITIALIZED_AUTOS = YES_AGGRESSIVE;
				GCC_WARN_UNUSED_FUNCTION = YES;
				GCC_WARN_UNUSED_VARIABLE = YES;
				IPHONEOS_DEPLOYMENT_TARGET = 9.3;
				MTL_ENABLE_DEBUG_INFO = YES;
				ONLY_ACTIVE_ARCH = YES;
				SDKROOT = iphoneos;
			};
			name = Debug;
		};
		9808DC7B1DC206DD0031A95A /* Release */ = {
			isa = XCBuildConfiguration;
			buildSettings = {
				ALWAYS_SEARCH_USER_PATHS = NO;
				CLANG_ANALYZER_NONNULL = YES;
				CLANG_CXX_LANGUAGE_STANDARD = "gnu++0x";
				CLANG_CXX_LIBRARY = "libc++";
				CLANG_ENABLE_MODULES = YES;
				CLANG_ENABLE_OBJC_ARC = YES;
				CLANG_WARN_BOOL_CONVERSION = YES;
				CLANG_WARN_CONSTANT_CONVERSION = YES;
				CLANG_WARN_DIRECT_OBJC_ISA_USAGE = YES_ERROR;
				CLANG_WARN_EMPTY_BODY = YES;
				CLANG_WARN_ENUM_CONVERSION = YES;
				CLANG_WARN_INT_CONVERSION = YES;
				CLANG_WARN_OBJC_ROOT_CLASS = YES_ERROR;
				CLANG_WARN_UNREACHABLE_CODE = YES;
				CLANG_WARN__DUPLICATE_METHOD_MATCH = YES;
				"CODE_SIGN_IDENTITY[sdk=iphoneos*]" = "iPhone Developer";
				COPY_PHASE_STRIP = NO;
				DEBUG_INFORMATION_FORMAT = "dwarf-with-dsym";
				ENABLE_NS_ASSERTIONS = NO;
				ENABLE_STRICT_OBJC_MSGSEND = YES;
				GCC_C_LANGUAGE_STANDARD = gnu99;
				GCC_NO_COMMON_BLOCKS = YES;
				GCC_WARN_64_TO_32_BIT_CONVERSION = YES;
				GCC_WARN_ABOUT_RETURN_TYPE = YES_ERROR;
				GCC_WARN_UNDECLARED_SELECTOR = YES;
				GCC_WARN_UNINITIALIZED_AUTOS = YES_AGGRESSIVE;
				GCC_WARN_UNUSED_FUNCTION = YES;
				GCC_WARN_UNUSED_VARIABLE = YES;
				IPHONEOS_DEPLOYMENT_TARGET = 9.3;
				MTL_ENABLE_DEBUG_INFO = NO;
				SDKROOT = iphoneos;
				VALIDATE_PRODUCT = YES;
			};
			name = Release;
		};
		9808DC7D1DC206DD0031A95A /* Debug */ = {
			isa = XCBuildConfiguration;
			buildSettings = {
				ASSETCATALOG_COMPILER_APPICON_NAME = AppIcon;
				INFOPLIST_FILE = SXURLCache/Info.plist;
				LD_RUNPATH_SEARCH_PATHS = "$(inherited) @executable_path/Frameworks";
				PRODUCT_BUNDLE_IDENTIFIER = com.LYKJ.test.SXURLCache;
				PRODUCT_NAME = "$(TARGET_NAME)";
			};
			name = Debug;
		};
		9808DC7E1DC206DD0031A95A /* Release */ = {
			isa = XCBuildConfiguration;
			buildSettings = {
				ASSETCATALOG_COMPILER_APPICON_NAME = AppIcon;
				INFOPLIST_FILE = SXURLCache/Info.plist;
				LD_RUNPATH_SEARCH_PATHS = "$(inherited) @executable_path/Frameworks";
				PRODUCT_BUNDLE_IDENTIFIER = com.LYKJ.test.SXURLCache;
				PRODUCT_NAME = "$(TARGET_NAME)";
			};
			name = Release;
		};
/* End XCBuildConfiguration section */

/* Begin XCConfigurationList section */
		9808DC601DC206DD0031A95A /* Build configuration list for PBXProject "SXURLCache" */ = {
			isa = XCConfigurationList;
			buildConfigurations = (
				9808DC7A1DC206DD0031A95A /* Debug */,
				9808DC7B1DC206DD0031A95A /* Release */,
			);
			defaultConfigurationIsVisible = 0;
			defaultConfigurationName = Release;
		};
		9808DC7C1DC206DD0031A95A /* Build configuration list for PBXNativeTarget "SXURLCache" */ = {
			isa = XCConfigurationList;
			buildConfigurations = (
				9808DC7D1DC206DD0031A95A /* Debug */,
				9808DC7E1DC206DD0031A95A /* Release */,
			);
			defaultConfigurationIsVisible = 0;
		};
/* End XCConfigurationList section */
	};
	rootObject = 9808DC5D1DC206DD0031A95A /* Project object */;
}
